PODS:
  - SBAProgressHud (1.2)

DEPENDENCIES:
  - SBAProgressHud (from `https://github.com/shoaib-akhtar/SBAProgressHud`, branch `master`)

EXTERNAL SOURCES:
  SBAProgressHud:
    :branch: master
    :git: https://github.com/shoaib-akhtar/SBAProgressHud

CHECKOUT OPTIONS:
  SBAProgressHud:
    :commit: 023f62d2cdfe2ac99dbb089c9e288edf7e0f3b70
    :git: https://github.com/shoaib-akhtar/SBAProgressHud

SPEC CHECKSUMS:
  SBAProgressHud: 7085b4be7c18e3c9806c8c805e17633da9dfe97d

PODFILE CHECKSUM: 11924bcf3f93003be0179b0ef3d2620508d63021

COCOAPODS: 1.5.3
